
Microsoft Visual Studio Solution File, Format Version 12.00
# Visual Studio Version 16
VisualStudioVersion = 16.0.29521.150
MinimumVisualStudioVersion = 10.0.40219.1
Project("{FAE04EC0-301F-11D3-BF4B-00C04F79EFBC}") = "Exercise", "Exercise\Exercise.csproj", "{D2EEC26C-EF9E-4543-A31B-753C46043EED}"
EndProject
Global
	GlobalSection(SolutionConfigurationPlatforms) = preSolution
		Debug|Any CPU = Debug|Any CPU
		Release|Any CPU = Release|Any CPU
	EndGlobalSection
	GlobalSection(ProjectConfigurationPlatforms) = postSolution
		{D2EEC26C-EF9E-4543-A31B-753C46043EED}.Debug|Any CPU.ActiveCfg = Debug|Any CPU
		{D2EEC26C-EF9E-4543-A31B-753C46043EED}.Debug|Any CPU.Build.0 = Debug|Any CPU
		{D2EEC26C-EF9E-4543-A31B-753C46043EED}.Release|Any CPU.ActiveCfg = Release|Any CPU
		{D2EEC26C-EF9E-4543-A31B-753C46043EED}.Release|Any CPU.Build.0 = Release|Any CPU
	EndGlobalSection
	GlobalSection(SolutionProperties) = preSolution
		HideSolutionNode = FALSE
	EndGlobalSection
	GlobalSection(ExtensibilityGlobals) = postSolution
		SolutionGuid = {68F6E12C-135B-44B5-B165-F67911BE7D66}
	EndGlobalSection
EndGlobal
